
Microsoft Visual Studio Solution File, Format Version 12.00
# Visual Studio Version 17
VisualStudioVersion = 17.2.32630.192
MinimumVisualStudioVersion = 10.0.40219.1
Project("{FAE04EC0-301F-11D3-BF4B-00C04F79EFBC}") = "LightHouseInter", "LightHouseInter.csproj", "{197D1D0A-54D6-4507-8B92-34CC27F91B28}"
EndProject
Global
	GlobalSection(SolutionConfigurationPlatforms) = preSolution
		Debug|Any CPU = Debug|Any CPU
		Release|Any CPU = Release|Any CPU
	EndGlobalSection
	GlobalSection(ProjectConfigurationPlatforms) = postSolution
		{197D1D0A-54D6-4507-8B92-34CC27F91B28}.Debug|Any CPU.ActiveCfg = Debug|Any CPU
		{197D1D0A-54D6-4507-8B92-34CC27F91B28}.Debug|Any CPU.Build.0 = Debug|Any CPU
		{197D1D0A-54D6-4507-8B92-34CC27F91B28}.Release|Any CPU.ActiveCfg = Release|Any CPU
		{197D1D0A-54D6-4507-8B92-34CC27F91B28}.Release|Any CPU.Build.0 = Release|Any CPU
	EndGlobalSection
	GlobalSection(SolutionProperties) = preSolution
		HideSolutionNode = FALSE
	EndGlobalSection
	GlobalSection(ExtensibilityGlobals) = postSolution
		SolutionGuid = {A5BA7820-B950-4190-AB0D-4B67E4FF7C0A}
	EndGlobalSection
EndGlobal
